# spn.lock - DO NOT EDIT (generated by spn install)

version = 1

[[package]]
name = "@workflows/data/json-transformer"
version = "1.0.0"
source = "registry+https://registry.supernova.sh"
checksum = "sha256:4793c852b3e1240b0cd1475a4470ef5c4211a11ffece227739822a5126d31b6f"

[[package]]
name = "@workflows/test-integration"
version = "1.0.0"
source = "registry+https://registry.supernova.sh"
checksum = "sha256:db2c66c8530d3d87968137e25727a6fa08d1972c11614f528f32df46569aef72"
